
Microsoft Visual Studio Solution File, Format Version 12.00
# Visual Studio Version 16
VisualStudioVersion = 16.0.31729.503
MinimumVisualStudioVersion = 10.0.40219.1
Project("{FAE04EC0-301F-11D3-BF4B-00C04F79EFBC}") = "DTO", "DTO\DTO.csproj", "{DDB089E3-87BA-4692-B175-A95CCFE4D226}"
EndProject
Project("{FAE04EC0-301F-11D3-BF4B-00C04F79EFBC}") = "DAO", "DAO\DAO.csproj", "{70F53498-E47F-4D33-9965-B3E49C1ECFC4}"
EndProject
Project("{FAE04EC0-301F-11D3-BF4B-00C04F79EFBC}") = "BUS", "BUS\BUS.csproj", "{E134457A-0DC9-49E5-B72C-A39508B637FF}"
EndProject
Project("{FAE04EC0-301F-11D3-BF4B-00C04F79EFBC}") = "GUI", "GUI\GUI.csproj", "{3E7124C4-19A6-4A2F-9422-ED25C32614F1}"
EndProject
Global
	GlobalSection(SolutionConfigurationPlatforms) = preSolution
		Debug|Any CPU = Debug|Any CPU
		Release|Any CPU = Release|Any CPU
	EndGlobalSection
	GlobalSection(ProjectConfigurationPlatforms) = postSolution
		{DDB089E3-87BA-4692-B175-A95CCFE4D226}.Debug|Any CPU.ActiveCfg = Debug|Any CPU
		{DDB089E3-87BA-4692-B175-A95CCFE4D226}.Debug|Any CPU.Build.0 = Debug|Any CPU
		{DDB089E3-87BA-4692-B175-A95CCFE4D226}.Release|Any CPU.ActiveCfg = Release|Any CPU
		{DDB089E3-87BA-4692-B175-A95CCFE4D226}.Release|Any CPU.Build.0 = Release|Any CPU
		{70F53498-E47F-4D33-9965-B3E49C1ECFC4}.Debug|Any CPU.ActiveCfg = Debug|Any CPU
		{70F53498-E47F-4D33-9965-B3E49C1ECFC4}.Debug|Any CPU.Build.0 = Debug|Any CPU
		{70F53498-E47F-4D33-9965-B3E49C1ECFC4}.Release|Any CPU.ActiveCfg = Release|Any CPU
		{70F53498-E47F-4D33-9965-B3E49C1ECFC4}.Release|Any CPU.Build.0 = Release|Any CPU
		{E134457A-0DC9-49E5-B72C-A39508B637FF}.Debug|Any CPU.ActiveCfg = Debug|Any CPU
		{E134457A-0DC9-49E5-B72C-A39508B637FF}.Debug|Any CPU.Build.0 = Debug|Any CPU
		{E134457A-0DC9-49E5-B72C-A39508B637FF}.Release|Any CPU.ActiveCfg = Release|Any CPU
		{E134457A-0DC9-49E5-B72C-A39508B637FF}.Release|Any CPU.Build.0 = Release|Any CPU
		{3E7124C4-19A6-4A2F-9422-ED25C32614F1}.Debug|Any CPU.ActiveCfg = Debug|Any CPU
		{3E7124C4-19A6-4A2F-9422-ED25C32614F1}.Debug|Any CPU.Build.0 = Debug|Any CPU
		{3E7124C4-19A6-4A2F-9422-ED25C32614F1}.Release|Any CPU.ActiveCfg = Release|Any CPU
		{3E7124C4-19A6-4A2F-9422-ED25C32614F1}.Release|Any CPU.Build.0 = Release|Any CPU
	EndGlobalSection
	GlobalSection(SolutionProperties) = preSolution
		HideSolutionNode = FALSE
	EndGlobalSection
	GlobalSection(ExtensibilityGlobals) = postSolution
		SolutionGuid = {91F4DF12-7D92-4279-B1E1-05C9CC1CBC7E}
	EndGlobalSection
EndGlobal
