
Microsoft Visual Studio Solution File, Format Version 12.00
# Visual Studio Version 16
VisualStudioVersion = 16.0.31729.503
MinimumVisualStudioVersion = 10.0.40219.1
Project("{FAE04EC0-301F-11D3-BF4B-00C04F79EFBC}") = "GUI_QuanLyTourDuLich", "GUI_QuanLyTourDuLich\GUI_QuanLyTourDuLich.csproj", "{8B4FC5A1-708D-495D-9359-937F920B0591}"
EndProject
Global
	GlobalSection(SolutionConfigurationPlatforms) = preSolution
		Debug|Any CPU = Debug|Any CPU
		Release|Any CPU = Release|Any CPU
	EndGlobalSection
	GlobalSection(ProjectConfigurationPlatforms) = postSolution
		{8B4FC5A1-708D-495D-9359-937F920B0591}.Debug|Any CPU.ActiveCfg = Debug|Any CPU
		{8B4FC5A1-708D-495D-9359-937F920B0591}.Debug|Any CPU.Build.0 = Debug|Any CPU
		{8B4FC5A1-708D-495D-9359-937F920B0591}.Release|Any CPU.ActiveCfg = Release|Any CPU
		{8B4FC5A1-708D-495D-9359-937F920B0591}.Release|Any CPU.Build.0 = Release|Any CPU
	EndGlobalSection
	GlobalSection(SolutionProperties) = preSolution
		HideSolutionNode = FALSE
	EndGlobalSection
	GlobalSection(ExtensibilityGlobals) = postSolution
		SolutionGuid = {27A0018C-9730-40B8-B95F-872E2F302FD8}
	EndGlobalSection
EndGlobal
